
Microsoft Visual Studio Solution File, Format Version 12.00
# Visual Studio Version 17
VisualStudioVersion = 17.4.33122.133
MinimumVisualStudioVersion = 10.0.40219.1
Project("{FAE04EC0-301F-11D3-BF4B-00C04F79EFBC}") = "StudentAPI.Controllers", "StudentAPI\StudentAPI.Controllers.csproj", "{C354CFAE-A6B6-4955-A8B9-FDBD470587F9}"
EndProject
Project("{FAE04EC0-301F-11D3-BF4B-00C04F79EFBC}") = "StudentAPI.Models", "StudentAPI.Models\StudentAPI.Models.csproj", "{95C5C33B-E211-4CE8-93B9-E2DF8BCBF770}"
EndProject
Project("{FAE04EC0-301F-11D3-BF4B-00C04F79EFBC}") = "StudentAPI.DALs", "StudentAPI.DALs\StudentAPI.DALs.csproj", "{7B9E7B3D-4DC1-4565-B8D9-7997E89C959D}"
EndProject
Project("{FAE04EC0-301F-11D3-BF4B-00C04F79EFBC}") = "StudentAPI.Services", "StudentAPI.Services\StudentAPI.Services.csproj", "{A2E30550-9A87-4428-8E90-A0008DCC113F}"
EndProject
Global
	GlobalSection(SolutionConfigurationPlatforms) = preSolution
		Debug|Any CPU = Debug|Any CPU
		Release|Any CPU = Release|Any CPU
	EndGlobalSection
	GlobalSection(ProjectConfigurationPlatforms) = postSolution
		{C354CFAE-A6B6-4955-A8B9-FDBD470587F9}.Debug|Any CPU.ActiveCfg = Debug|Any CPU
		{C354CFAE-A6B6-4955-A8B9-FDBD470587F9}.Debug|Any CPU.Build.0 = Debug|Any CPU
		{C354CFAE-A6B6-4955-A8B9-FDBD470587F9}.Release|Any CPU.ActiveCfg = Release|Any CPU
		{C354CFAE-A6B6-4955-A8B9-FDBD470587F9}.Release|Any CPU.Build.0 = Release|Any CPU
		{95C5C33B-E211-4CE8-93B9-E2DF8BCBF770}.Debug|Any CPU.ActiveCfg = Debug|Any CPU
		{95C5C33B-E211-4CE8-93B9-E2DF8BCBF770}.Debug|Any CPU.Build.0 = Debug|Any CPU
		{95C5C33B-E211-4CE8-93B9-E2DF8BCBF770}.Release|Any CPU.ActiveCfg = Release|Any CPU
		{95C5C33B-E211-4CE8-93B9-E2DF8BCBF770}.Release|Any CPU.Build.0 = Release|Any CPU
		{7B9E7B3D-4DC1-4565-B8D9-7997E89C959D}.Debug|Any CPU.ActiveCfg = Debug|Any CPU
		{7B9E7B3D-4DC1-4565-B8D9-7997E89C959D}.Debug|Any CPU.Build.0 = Debug|Any CPU
		{7B9E7B3D-4DC1-4565-B8D9-7997E89C959D}.Release|Any CPU.ActiveCfg = Release|Any CPU
		{7B9E7B3D-4DC1-4565-B8D9-7997E89C959D}.Release|Any CPU.Build.0 = Release|Any CPU
		{A2E30550-9A87-4428-8E90-A0008DCC113F}.Debug|Any CPU.ActiveCfg = Debug|Any CPU
		{A2E30550-9A87-4428-8E90-A0008DCC113F}.Debug|Any CPU.Build.0 = Debug|Any CPU
		{A2E30550-9A87-4428-8E90-A0008DCC113F}.Release|Any CPU.ActiveCfg = Release|Any CPU
		{A2E30550-9A87-4428-8E90-A0008DCC113F}.Release|Any CPU.Build.0 = Release|Any CPU
	EndGlobalSection
	GlobalSection(SolutionProperties) = preSolution
		HideSolutionNode = FALSE
	EndGlobalSection
	GlobalSection(ExtensibilityGlobals) = postSolution
		SolutionGuid = {026E599B-3771-42DE-82D2-6456D256C8F9}
	EndGlobalSection
EndGlobal
